
Microsoft Visual Studio Solution File, Format Version 12.00
# Visual Studio Version 16
VisualStudioVersion = 16.0.31025.194
MinimumVisualStudioVersion = 10.0.40219.1
Project("{FAE04EC0-301F-11D3-BF4B-00C04F79EFBC}") = "DublinBikes", "DublinBikes.csproj", "{AE681F90-D957-42B4-970E-624EE3C028E8}"
EndProject
Global
	GlobalSection(SolutionConfigurationPlatforms) = preSolution
		Debug|Any CPU = Debug|Any CPU
		Release|Any CPU = Release|Any CPU
	EndGlobalSection
	GlobalSection(ProjectConfigurationPlatforms) = postSolution
		{AE681F90-D957-42B4-970E-624EE3C028E8}.Debug|Any CPU.ActiveCfg = Debug|Any CPU
		{AE681F90-D957-42B4-970E-624EE3C028E8}.Debug|Any CPU.Build.0 = Debug|Any CPU
		{AE681F90-D957-42B4-970E-624EE3C028E8}.Release|Any CPU.ActiveCfg = Release|Any CPU
		{AE681F90-D957-42B4-970E-624EE3C028E8}.Release|Any CPU.Build.0 = Release|Any CPU
	EndGlobalSection
	GlobalSection(SolutionProperties) = preSolution
		HideSolutionNode = FALSE
	EndGlobalSection
	GlobalSection(ExtensibilityGlobals) = postSolution
		SolutionGuid = {24FB5D4C-B2B0-4A09-B670-6C8FA0E44F00}
	EndGlobalSection
EndGlobal
